
Microsoft Visual Studio Solution File, Format Version 12.00
# Visual Studio Version 16
VisualStudioVersion = 16.0.29509.3
MinimumVisualStudioVersion = 10.0.40219.1
Project("{FAE04EC0-301F-11D3-BF4B-00C04F79EFBC}") = "PaymentFeeCalculator", "PaymentFeeCalculator\PaymentFeeCalculator.csproj", "{07C5C575-0D5C-4302-9C0B-630E87953C9E}"
EndProject
Global
	GlobalSection(SolutionConfigurationPlatforms) = preSolution
		Debug|Any CPU = Debug|Any CPU
		Release|Any CPU = Release|Any CPU
	EndGlobalSection
	GlobalSection(ProjectConfigurationPlatforms) = postSolution
		{07C5C575-0D5C-4302-9C0B-630E87953C9E}.Debug|Any CPU.ActiveCfg = Debug|Any CPU
		{07C5C575-0D5C-4302-9C0B-630E87953C9E}.Debug|Any CPU.Build.0 = Debug|Any CPU
		{07C5C575-0D5C-4302-9C0B-630E87953C9E}.Release|Any CPU.ActiveCfg = Release|Any CPU
		{07C5C575-0D5C-4302-9C0B-630E87953C9E}.Release|Any CPU.Build.0 = Release|Any CPU
	EndGlobalSection
	GlobalSection(SolutionProperties) = preSolution
		HideSolutionNode = FALSE
	EndGlobalSection
	GlobalSection(ExtensibilityGlobals) = postSolution
		SolutionGuid = {3AE9E14E-68A2-4A29-B9BA-09C9A2144399}
	EndGlobalSection
EndGlobal
